
Microsoft Visual Studio Solution File, Format Version 12.00
# Visual Studio Version 17
VisualStudioVersion = 17.0.32014.148
MinimumVisualStudioVersion = 10.0.40219.1
Project("{FAE04EC0-301F-11D3-BF4B-00C04F79EFBC}") = "AsyncAwaitDemo_Mvc", "AsyncAwaitDemo_Mvc\AsyncAwaitDemo_Mvc.csproj", "{462D93A1-A921-4047-9586-36AD63BB2B1E}"
EndProject
Global
	GlobalSection(SolutionConfigurationPlatforms) = preSolution
		Debug|Any CPU = Debug|Any CPU
		Release|Any CPU = Release|Any CPU
	EndGlobalSection
	GlobalSection(ProjectConfigurationPlatforms) = postSolution
		{462D93A1-A921-4047-9586-36AD63BB2B1E}.Debug|Any CPU.ActiveCfg = Debug|Any CPU
		{462D93A1-A921-4047-9586-36AD63BB2B1E}.Debug|Any CPU.Build.0 = Debug|Any CPU
		{462D93A1-A921-4047-9586-36AD63BB2B1E}.Release|Any CPU.ActiveCfg = Release|Any CPU
		{462D93A1-A921-4047-9586-36AD63BB2B1E}.Release|Any CPU.Build.0 = Release|Any CPU
	EndGlobalSection
	GlobalSection(SolutionProperties) = preSolution
		HideSolutionNode = FALSE
	EndGlobalSection
	GlobalSection(ExtensibilityGlobals) = postSolution
		SolutionGuid = {DED680D6-EB50-4A85-B520-BAAF356DE390}
	EndGlobalSection
EndGlobal
